
Microsoft Visual Studio Solution File, Format Version 12.00
# Visual Studio 14
VisualStudioVersion = 14.0.25123.0
MinimumVisualStudioVersion = 10.0.40219.1
Project("{FAE04EC0-301F-11D3-BF4B-00C04F79EFBC}") = "Informor.Communication", "Informor.Communication\Informor.Communication.csproj", "{67F9D3A8-F71E-4428-913F-C37AE82CDB24}"
EndProject
Project("{FAE04EC0-301F-11D3-BF4B-00C04F79EFBC}") = "Informor.Presentation", "Informor.Presentation\Informor.Presentation\Informor.Presentation.csproj", "{342C016F-0AC9-45B9-A6AF-EE21E0D74112}"
EndProject
Project("{FAE04EC0-301F-11D3-BF4B-00C04F79EFBC}") = "Informor.Presentation.Droid", "Informor.Presentation\Informor.Presentation.Droid\Informor.Presentation.Droid.csproj", "{95A3DF17-3A14-4F19-8CE6-DEDB2DAA8668}"
EndProject
Project("{FAE04EC0-301F-11D3-BF4B-00C04F79EFBC}") = "Informor.Presentation.iOS", "Informor.Presentation\Informor.Presentation.iOS\Informor.Presentation.iOS.csproj", "{DE1A26FD-57B5-4BAE-82BA-5B3E971F9B41}"
EndProject
Project("{FAE04EC0-301F-11D3-BF4B-00C04F79EFBC}") = "Informor.Presentation.WinPhone", "Informor.Presentation\Informor.Presentation.WinPhone\Informor.Presentation.WinPhone.csproj", "{58466F00-C0FD-40F3-A38A-9FBB59DA652A}"
EndProject
Project("{FAE04EC0-301F-11D3-BF4B-00C04F79EFBC}") = "Informor.Presentation.UWP", "Informor.Presentation\Informor.Presentation.UWP\Informor.Presentation.UWP.csproj", "{248EDEEB-3C98-4E87-AF3D-4080D37E1658}"
EndProject
Project("{FAE04EC0-301F-11D3-BF4B-00C04F79EFBC}") = "Informor.Presentation.Windows", "Informor.Presentation\Informor.Presentation.Windows\Informor.Presentation.Windows.csproj", "{79D352C2-7B82-47A1-897A-36F2378D9ED6}"
EndProject
Global
	GlobalSection(SolutionConfigurationPlatforms) = preSolution
		Ad-Hoc|Any CPU = Ad-Hoc|Any CPU
		Ad-Hoc|ARM = Ad-Hoc|ARM
		Ad-Hoc|iPhone = Ad-Hoc|iPhone
		Ad-Hoc|iPhoneSimulator = Ad-Hoc|iPhoneSimulator
		Ad-Hoc|x64 = Ad-Hoc|x64
		Ad-Hoc|x86 = Ad-Hoc|x86
		AppStore|Any CPU = AppStore|Any CPU
		AppStore|ARM = AppStore|ARM
		AppStore|iPhone = AppStore|iPhone
		AppStore|iPhoneSimulator = AppStore|iPhoneSimulator
		AppStore|x64 = AppStore|x64
		AppStore|x86 = AppStore|x86
		Debug|Any CPU = Debug|Any CPU
		Debug|ARM = Debug|ARM
		Debug|iPhone = Debug|iPhone
		Debug|iPhoneSimulator = Debug|iPhoneSimulator
		Debug|x64 = Debug|x64
		Debug|x86 = Debug|x86
		Release|Any CPU = Release|Any CPU
		Release|ARM = Release|ARM
		Release|iPhone = Release|iPhone
		Release|iPhoneSimulator = Release|iPhoneSimulator
		Release|x64 = Release|x64
		Release|x86 = Release|x86
	EndGlobalSection
	GlobalSection(ProjectConfigurationPlatforms) = postSolution
		{67F9D3A8-F71E-4428-913F-C37AE82CDB24}.Ad-Hoc|Any CPU.ActiveCfg = Release|Any CPU
		{67F9D3A8-F71E-4428-913F-C37AE82CDB24}.Ad-Hoc|Any CPU.Build.0 = Release|Any CPU
		{67F9D3A8-F71E-4428-913F-C37AE82CDB24}.Ad-Hoc|ARM.ActiveCfg = Release|Any CPU
		{67F9D3A8-F71E-4428-913F-C37AE82CDB24}.Ad-Hoc|ARM.Build.0 = Release|Any CPU
		{67F9D3A8-F71E-4428-913F-C37AE82CDB24}.Ad-Hoc|iPhone.ActiveCfg = Release|Any CPU
		{67F9D3A8-F71E-4428-913F-C37AE82CDB24}.Ad-Hoc|iPhone.Build.0 = Release|Any CPU
		{67F9D3A8-F71E-4428-913F-C37AE82CDB24}.Ad-Hoc|iPhoneSimulator.ActiveCfg = Release|Any CPU
		{67F9D3A8-F71E-4428-913F-C37AE82CDB24}.Ad-Hoc|iPhoneSimulator.Build.0 = Release|Any CPU
		{67F9D3A8-F71E-4428-913F-C37AE82CDB24}.Ad-Hoc|x64.ActiveCfg = Release|Any CPU
		{67F9D3A8-F71E-4428-913F-C37AE82CDB24}.Ad-Hoc|x64.Build.0 = Release|Any CPU
		{67F9D3A8-F71E-4428-913F-C37AE82CDB24}.Ad-Hoc|x86.ActiveCfg = Release|Any CPU
		{67F9D3A8-F71E-4428-913F-C37AE82CDB24}.Ad-Hoc|x86.Build.0 = Release|Any CPU
		{67F9D3A8-F71E-4428-913F-C37AE82CDB24}.AppStore|Any CPU.ActiveCfg = Release|Any CPU
		{67F9D3A8-F71E-4428-913F-C37AE82CDB24}.AppStore|Any CPU.Build.0 = Release|Any CPU
		{67F9D3A8-F71E-4428-913F-C37AE82CDB24}.AppStore|ARM.ActiveCfg = Release|Any CPU
		{67F9D3A8-F71E-4428-913F-C37AE82CDB24}.AppStore|ARM.Build.0 = Release|Any CPU
		{67F9D3A8-F71E-4428-913F-C37AE82CDB24}.AppStore|iPhone.ActiveCfg = Release|Any CPU
		{67F9D3A8-F71E-4428-913F-C37AE82CDB24}.AppStore|iPhone.Build.0 = Release|Any CPU
		{67F9D3A8-F71E-4428-913F-C37AE82CDB24}.AppStore|iPhoneSimulator.ActiveCfg = Release|Any CPU
		{67F9D3A8-F71E-4428-913F-C37AE82CDB24}.AppStore|iPhoneSimulator.Build.0 = Release|Any CPU
		{67F9D3A8-F71E-4428-913F-C37AE82CDB24}.AppStore|x64.ActiveCfg = Release|Any CPU
		{67F9D3A8-F71E-4428-913F-C37AE82CDB24}.AppStore|x64.Build.0 = Release|Any CPU
		{67F9D3A8-F71E-4428-913F-C37AE82CDB24}.AppStore|x86.ActiveCfg = Release|Any CPU
		{67F9D3A8-F71E-4428-913F-C37AE82CDB24}.AppStore|x86.Build.0 = Release|Any CPU
		{67F9D3A8-F71E-4428-913F-C37AE82CDB24}.Debug|Any CPU.ActiveCfg = Debug|Any CPU
		{67F9D3A8-F71E-4428-913F-C37AE82CDB24}.Debug|Any CPU.Build.0 = Debug|Any CPU
		{67F9D3A8-F71E-4428-913F-C37AE82CDB24}.Debug|ARM.ActiveCfg = Debug|Any CPU
		{67F9D3A8-F71E-4428-913F-C37AE82CDB24}.Debug|ARM.Build.0 = Debug|Any CPU
		{67F9D3A8-F71E-4428-913F-C37AE82CDB24}.Debug|iPhone.ActiveCfg = Debug|Any CPU
		{67F9D3A8-F71E-4428-913F-C37AE82CDB24}.Debug|iPhone.Build.0 = Debug|Any CPU
		{67F9D3A8-F71E-4428-913F-C37AE82CDB24}.Debug|iPhoneSimulator.ActiveCfg = Debug|Any CPU
		{67F9D3A8-F71E-4428-913F-C37AE82CDB24}.Debug|iPhoneSimulator.Build.0 = Debug|Any CPU
		{67F9D3A8-F71E-4428-913F-C37AE82CDB24}.Debug|x64.ActiveCfg = Debug|Any CPU
		{67F9D3A8-F71E-4428-913F-C37AE82CDB24}.Debug|x64.Build.0 = Debug|Any CPU
		{67F9D3A8-F71E-4428-913F-C37AE82CDB24}.Debug|x86.ActiveCfg = Debug|Any CPU
		{67F9D3A8-F71E-4428-913F-C37AE82CDB24}.Debug|x86.Build.0 = Debug|Any CPU
		{67F9D3A8-F71E-4428-913F-C37AE82CDB24}.Release|Any CPU.ActiveCfg = Release|Any CPU
		{67F9D3A8-F71E-4428-913F-C37AE82CDB24}.Release|Any CPU.Build.0 = Release|Any CPU
		{67F9D3A8-F71E-4428-913F-C37AE82CDB24}.Release|ARM.ActiveCfg = Release|Any CPU
		{67F9D3A8-F71E-4428-913F-C37AE82CDB24}.Release|ARM.Build.0 = Release|Any CPU
		{67F9D3A8-F71E-4428-913F-C37AE82CDB24}.Release|iPhone.ActiveCfg = Release|Any CPU
		{67F9D3A8-F71E-4428-913F-C37AE82CDB24}.Release|iPhone.Build.0 = Release|Any CPU
		{67F9D3A8-F71E-4428-913F-C37AE82CDB24}.Release|iPhoneSimulator.ActiveCfg = Release|Any CPU
		{67F9D3A8-F71E-4428-913F-C37AE82CDB24}.Release|iPhoneSimulator.Build.0 = Release|Any CPU
		{67F9D3A8-F71E-4428-913F-C37AE82CDB24}.Release|x64.ActiveCfg = Release|Any CPU
		{67F9D3A8-F71E-4428-913F-C37AE82CDB24}.Release|x64.Build.0 = Release|Any CPU
		{67F9D3A8-F71E-4428-913F-C37AE82CDB24}.Release|x86.ActiveCfg = Release|Any CPU
		{67F9D3A8-F71E-4428-913F-C37AE82CDB24}.Release|x86.Build.0 = Release|Any CPU
		{342C016F-0AC9-45B9-A6AF-EE21E0D74112}.Ad-Hoc|Any CPU.ActiveCfg = Release|Any CPU
		{342C016F-0AC9-45B9-A6AF-EE21E0D74112}.Ad-Hoc|Any CPU.Build.0 = Release|Any CPU
		{342C016F-0AC9-45B9-A6AF-EE21E0D74112}.Ad-Hoc|ARM.ActiveCfg = Release|Any CPU
		{342C016F-0AC9-45B9-A6AF-EE21E0D74112}.Ad-Hoc|ARM.Build.0 = Release|Any CPU
		{342C016F-0AC9-45B9-A6AF-EE21E0D74112}.Ad-Hoc|iPhone.ActiveCfg = Release|Any CPU
		{342C016F-0AC9-45B9-A6AF-EE21E0D74112}.Ad-Hoc|iPhone.Build.0 = Release|Any CPU
		{342C016F-0AC9-45B9-A6AF-EE21E0D74112}.Ad-Hoc|iPhoneSimulator.ActiveCfg = Release|Any CPU
		{342C016F-0AC9-45B9-A6AF-EE21E0D74112}.Ad-Hoc|iPhoneSimulator.Build.0 = Release|Any CPU
		{342C016F-0AC9-45B9-A6AF-EE21E0D74112}.Ad-Hoc|x64.ActiveCfg = Release|Any CPU
		{342C016F-0AC9-45B9-A6AF-EE21E0D74112}.Ad-Hoc|x64.Build.0 = Release|Any CPU
		{342C016F-0AC9-45B9-A6AF-EE21E0D74112}.Ad-Hoc|x86.ActiveCfg = Release|Any CPU
		{342C016F-0AC9-45B9-A6AF-EE21E0D74112}.Ad-Hoc|x86.Build.0 = Release|Any CPU
		{342C016F-0AC9-45B9-A6AF-EE21E0D74112}.AppStore|Any CPU.ActiveCfg = Release|Any CPU
		{342C016F-0AC9-45B9-A6AF-EE21E0D74112}.AppStore|Any CPU.Build.0 = Release|Any CPU
		{342C016F-0AC9-45B9-A6AF-EE21E0D74112}.AppStore|ARM.ActiveCfg = Release|Any CPU
		{342C016F-0AC9-45B9-A6AF-EE21E0D74112}.AppStore|ARM.Build.0 = Release|Any CPU
		{342C016F-0AC9-45B9-A6AF-EE21E0D74112}.AppStore|iPhone.ActiveCfg = Release|Any CPU
		{342C016F-0AC9-45B9-A6AF-EE21E0D74112}.AppStore|iPhone.Build.0 = Release|Any CPU
		{342C016F-0AC9-45B9-A6AF-EE21E0D74112}.AppStore|iPhoneSimulator.ActiveCfg = Release|Any CPU
		{342C016F-0AC9-45B9-A6AF-EE21E0D74112}.AppStore|iPhoneSimulator.Build.0 = Release|Any CPU
		{342C016F-0AC9-45B9-A6AF-EE21E0D74112}.AppStore|x64.ActiveCfg = Release|Any CPU
		{342C016F-0AC9-45B9-A6AF-EE21E0D74112}.AppStore|x64.Build.0 = Release|Any CPU
		{342C016F-0AC9-45B9-A6AF-EE21E0D74112}.AppStore|x86.ActiveCfg = Release|Any CPU
		{342C016F-0AC9-45B9-A6AF-EE21E0D74112}.AppStore|x86.Build.0 = Release|Any CPU
		{342C016F-0AC9-45B9-A6AF-EE21E0D74112}.Debug|Any CPU.ActiveCfg = Debug|Any CPU
		{342C016F-0AC9-45B9-A6AF-EE21E0D74112}.Debug|Any CPU.Build.0 = Debug|Any CPU
		{342C016F-0AC9-45B9-A6AF-EE21E0D74112}.Debug|ARM.ActiveCfg = Debug|Any CPU
		{342C016F-0AC9-45B9-A6AF-EE21E0D74112}.Debug|ARM.Build.0 = Debug|Any CPU
		{342C016F-0AC9-45B9-A6AF-EE21E0D74112}.Debug|iPhone.ActiveCfg = Debug|Any CPU
		{342C016F-0AC9-45B9-A6AF-EE21E0D74112}.Debug|iPhone.Build.0 = Debug|Any CPU
		{342C016F-0AC9-45B9-A6AF-EE21E0D74112}.Debug|iPhoneSimulator.ActiveCfg = Debug|Any CPU
		{342C016F-0AC9-45B9-A6AF-EE21E0D74112}.Debug|iPhoneSimulator.Build.0 = Debug|Any CPU
		{342C016F-0AC9-45B9-A6AF-EE21E0D74112}.Debug|x64.ActiveCfg = Debug|Any CPU
		{342C016F-0AC9-45B9-A6AF-EE21E0D74112}.Debug|x64.Build.0 = Debug|Any CPU
		{342C016F-0AC9-45B9-A6AF-EE21E0D74112}.Debug|x86.ActiveCfg = Debug|Any CPU
		{342C016F-0AC9-45B9-A6AF-EE21E0D74112}.Debug|x86.Build.0 = Debug|Any CPU
		{342C016F-0AC9-45B9-A6AF-EE21E0D74112}.Release|Any CPU.ActiveCfg = Release|Any CPU
		{342C016F-0AC9-45B9-A6AF-EE21E0D74112}.Release|Any CPU.Build.0 = Release|Any CPU
		{342C016F-0AC9-45B9-A6AF-EE21E0D74112}.Release|ARM.ActiveCfg = Release|Any CPU
		{342C016F-0AC9-45B9-A6AF-EE21E0D74112}.Release|ARM.Build.0 = Release|Any CPU
		{342C016F-0AC9-45B9-A6AF-EE21E0D74112}.Release|iPhone.ActiveCfg = Release|Any CPU
		{342C016F-0AC9-45B9-A6AF-EE21E0D74112}.Release|iPhone.Build.0 = Release|Any CPU
		{342C016F-0AC9-45B9-A6AF-EE21E0D74112}.Release|iPhoneSimulator.ActiveCfg = Release|Any CPU
		{342C016F-0AC9-45B9-A6AF-EE21E0D74112}.Release|iPhoneSimulator.Build.0 = Release|Any CPU
		{342C016F-0AC9-45B9-A6AF-EE21E0D74112}.Release|x64.ActiveCfg = Release|Any CPU
		{342C016F-0AC9-45B9-A6AF-EE21E0D74112}.Release|x64.Build.0 = Release|Any CPU
		{342C016F-0AC9-45B9-A6AF-EE21E0D74112}.Release|x86.ActiveCfg = Release|Any CPU
		{342C016F-0AC9-45B9-A6AF-EE21E0D74112}.Release|x86.Build.0 = Release|Any CPU
		{95A3DF17-3A14-4F19-8CE6-DEDB2DAA8668}.Ad-Hoc|Any CPU.ActiveCfg = Release|Any CPU
		{95A3DF17-3A14-4F19-8CE6-DEDB2DAA8668}.Ad-Hoc|Any CPU.Build.0 = Release|Any CPU
		{95A3DF17-3A14-4F19-8CE6-DEDB2DAA8668}.Ad-Hoc|Any CPU.Deploy.0 = Release|Any CPU
		{95A3DF17-3A14-4F19-8CE6-DEDB2DAA8668}.Ad-Hoc|ARM.ActiveCfg = Release|Any CPU
		{95A3DF17-3A14-4F19-8CE6-DEDB2DAA8668}.Ad-Hoc|ARM.Build.0 = Release|Any CPU
		{95A3DF17-3A14-4F19-8CE6-DEDB2DAA8668}.Ad-Hoc|ARM.Deploy.0 = Release|Any CPU
		{95A3DF17-3A14-4F19-8CE6-DEDB2DAA8668}.Ad-Hoc|iPhone.ActiveCfg = Release|Any CPU
		{95A3DF17-3A14-4F19-8CE6-DEDB2DAA8668}.Ad-Hoc|iPhone.Build.0 = Release|Any CPU
		{95A3DF17-3A14-4F19-8CE6-DEDB2DAA8668}.Ad-Hoc|iPhone.Deploy.0 = Release|Any CPU
		{95A3DF17-3A14-4F19-8CE6-DEDB2DAA8668}.Ad-Hoc|iPhoneSimulator.ActiveCfg = Release|Any CPU
		{95A3DF17-3A14-4F19-8CE6-DEDB2DAA8668}.Ad-Hoc|iPhoneSimulator.Build.0 = Release|Any CPU
		{95A3DF17-3A14-4F19-8CE6-DEDB2DAA8668}.Ad-Hoc|iPhoneSimulator.Deploy.0 = Release|Any CPU
		{95A3DF17-3A14-4F19-8CE6-DEDB2DAA8668}.Ad-Hoc|x64.ActiveCfg = Release|Any CPU
		{95A3DF17-3A14-4F19-8CE6-DEDB2DAA8668}.Ad-Hoc|x64.Build.0 = Release|Any CPU
		{95A3DF17-3A14-4F19-8CE6-DEDB2DAA8668}.Ad-Hoc|x64.Deploy.0 = Release|Any CPU
		{95A3DF17-3A14-4F19-8CE6-DEDB2DAA8668}.Ad-Hoc|x86.ActiveCfg = Release|Any CPU
		{95A3DF17-3A14-4F19-8CE6-DEDB2DAA8668}.Ad-Hoc|x86.Build.0 = Release|Any CPU
		{95A3DF17-3A14-4F19-8CE6-DEDB2DAA8668}.Ad-Hoc|x86.Deploy.0 = Release|Any CPU
		{95A3DF17-3A14-4F19-8CE6-DEDB2DAA8668}.AppStore|Any CPU.ActiveCfg = Release|Any CPU
		{95A3DF17-3A14-4F19-8CE6-DEDB2DAA8668}.AppStore|Any CPU.Build.0 = Release|Any CPU
		{95A3DF17-3A14-4F19-8CE6-DEDB2DAA8668}.AppStore|Any CPU.Deploy.0 = Release|Any CPU
		{95A3DF17-3A14-4F19-8CE6-DEDB2DAA8668}.AppStore|ARM.ActiveCfg = Release|Any CPU
		{95A3DF17-3A14-4F19-8CE6-DEDB2DAA8668}.AppStore|ARM.Build.0 = Release|Any CPU
		{95A3DF17-3A14-4F19-8CE6-DEDB2DAA8668}.AppStore|ARM.Deploy.0 = Release|Any CPU
		{95A3DF17-3A14-4F19-8CE6-DEDB2DAA8668}.AppStore|iPhone.ActiveCfg = Release|Any CPU
		{95A3DF17-3A14-4F19-8CE6-DEDB2DAA8668}.AppStore|iPhone.Build.0 = Release|Any CPU
		{95A3DF17-3A14-4F19-8CE6-DEDB2DAA8668}.AppStore|iPhone.Deploy.0 = Release|Any CPU
		{95A3DF17-3A14-4F19-8CE6-DEDB2DAA8668}.AppStore|iPhoneSimulator.ActiveCfg = Release|Any CPU
		{95A3DF17-3A14-4F19-8CE6-DEDB2DAA8668}.AppStore|iPhoneSimulator.Build.0 = Release|Any CPU
		{95A3DF17-3A14-4F19-8CE6-DEDB2DAA8668}.AppStore|iPhoneSimulator.Deploy.0 = Release|Any CPU
		{95A3DF17-3A14-4F19-8CE6-DEDB2DAA8668}.AppStore|x64.ActiveCfg = Release|Any CPU
		{95A3DF17-3A14-4F19-8CE6-DEDB2DAA8668}.AppStore|x64.Build.0 = Release|Any CPU
		{95A3DF17-3A14-4F19-8CE6-DEDB2DAA8668}.AppStore|x64.Deploy.0 = Release|Any CPU
		{95A3DF17-3A14-4F19-8CE6-DEDB2DAA8668}.AppStore|x86.ActiveCfg = Release|Any CPU
		{95A3DF17-3A14-4F19-8CE6-DEDB2DAA8668}.AppStore|x86.Build.0 = Release|Any CPU
		{95A3DF17-3A14-4F19-8CE6-DEDB2DAA8668}.AppStore|x86.Deploy.0 = Release|Any CPU
		{95A3DF17-3A14-4F19-8CE6-DEDB2DAA8668}.Debug|Any CPU.ActiveCfg = Debug|Any CPU
		{95A3DF17-3A14-4F19-8CE6-DEDB2DAA8668}.Debug|Any CPU.Build.0 = Debug|Any CPU
		{95A3DF17-3A14-4F19-8CE6-DEDB2DAA8668}.Debug|Any CPU.Deploy.0 = Debug|Any CPU
		{95A3DF17-3A14-4F19-8CE6-DEDB2DAA8668}.Debug|ARM.ActiveCfg = Debug|Any CPU
		{95A3DF17-3A14-4F19-8CE6-DEDB2DAA8668}.Debug|ARM.Build.0 = Debug|Any CPU
		{95A3DF17-3A14-4F19-8CE6-DEDB2DAA8668}.Debug|ARM.Deploy.0 = Debug|Any CPU
		{95A3DF17-3A14-4F19-8CE6-DEDB2DAA8668}.Debug|iPhone.ActiveCfg = Debug|Any CPU
		{95A3DF17-3A14-4F19-8CE6-DEDB2DAA8668}.Debug|iPhone.Build.0 = Debug|Any CPU
		{95A3DF17-3A14-4F19-8CE6-DEDB2DAA8668}.Debug|iPhone.Deploy.0 = Debug|Any CPU
		{95A3DF17-3A14-4F19-8CE6-DEDB2DAA8668}.Debug|iPhoneSimulator.ActiveCfg = Debug|Any CPU
		{95A3DF17-3A14-4F19-8CE6-DEDB2DAA8668}.Debug|iPhoneSimulator.Build.0 = Debug|Any CPU
		{95A3DF17-3A14-4F19-8CE6-DEDB2DAA8668}.Debug|iPhoneSimulator.Deploy.0 = Debug|Any CPU
		{95A3DF17-3A14-4F19-8CE6-DEDB2DAA8668}.Debug|x64.ActiveCfg = Debug|Any CPU
		{95A3DF17-3A14-4F19-8CE6-DEDB2DAA8668}.Debug|x64.Build.0 = Debug|Any CPU
		{95A3DF17-3A14-4F19-8CE6-DEDB2DAA8668}.Debug|x64.Deploy.0 = Debug|Any CPU
		{95A3DF17-3A14-4F19-8CE6-DEDB2DAA8668}.Debug|x86.ActiveCfg = Debug|Any CPU
		{95A3DF17-3A14-4F19-8CE6-DEDB2DAA8668}.Debug|x86.Build.0 = Debug|Any CPU
		{95A3DF17-3A14-4F19-8CE6-DEDB2DAA8668}.Debug|x86.Deploy.0 = Debug|Any CPU
		{95A3DF17-3A14-4F19-8CE6-DEDB2DAA8668}.Release|Any CPU.ActiveCfg = Release|Any CPU
		{95A3DF17-3A14-4F19-8CE6-DEDB2DAA8668}.Release|Any CPU.Build.0 = Release|Any CPU
		{95A3DF17-3A14-4F19-8CE6-DEDB2DAA8668}.Release|Any CPU.Deploy.0 = Release|Any CPU
		{95A3DF17-3A14-4F19-8CE6-DEDB2DAA8668}.Release|ARM.ActiveCfg = Release|Any CPU
		{95A3DF17-3A14-4F19-8CE6-DEDB2DAA8668}.Release|ARM.Build.0 = Release|Any CPU
		{95A3DF17-3A14-4F19-8CE6-DEDB2DAA8668}.Release|ARM.Deploy.0 = Release|Any CPU
		{95A3DF17-3A14-4F19-8CE6-DEDB2DAA8668}.Release|iPhone.ActiveCfg = Release|Any CPU
		{95A3DF17-3A14-4F19-8CE6-DEDB2DAA8668}.Release|iPhone.Build.0 = Release|Any CPU
		{95A3DF17-3A14-4F19-8CE6-DEDB2DAA8668}.Release|iPhone.Deploy.0 = Release|Any CPU
		{95A3DF17-3A14-4F19-8CE6-DEDB2DAA8668}.Release|iPhoneSimulator.ActiveCfg = Release|Any CPU
		{95A3DF17-3A14-4F19-8CE6-DEDB2DAA8668}.Release|iPhoneSimulator.Build.0 = Release|Any CPU
		{95A3DF17-3A14-4F19-8CE6-DEDB2DAA8668}.Release|iPhoneSimulator.Deploy.0 = Release|Any CPU
		{95A3DF17-3A14-4F19-8CE6-DEDB2DAA8668}.Release|x64.ActiveCfg = Release|Any CPU
		{95A3DF17-3A14-4F19-8CE6-DEDB2DAA8668}.Release|x64.Build.0 = Release|Any CPU
		{95A3DF17-3A14-4F19-8CE6-DEDB2DAA8668}.Release|x64.Deploy.0 = Release|Any CPU
		{95A3DF17-3A14-4F19-8CE6-DEDB2DAA8668}.Release|x86.ActiveCfg = Release|Any CPU
		{95A3DF17-3A14-4F19-8CE6-DEDB2DAA8668}.Release|x86.Build.0 = Release|Any CPU
		{95A3DF17-3A14-4F19-8CE6-DEDB2DAA8668}.Release|x86.Deploy.0 = Release|Any CPU
		{DE1A26FD-57B5-4BAE-82BA-5B3E971F9B41}.Ad-Hoc|Any CPU.ActiveCfg = Ad-Hoc|iPhone
		{DE1A26FD-57B5-4BAE-82BA-5B3E971F9B41}.Ad-Hoc|ARM.ActiveCfg = Ad-Hoc|iPhone
		{DE1A26FD-57B5-4BAE-82BA-5B3E971F9B41}.Ad-Hoc|iPhone.ActiveCfg = Ad-Hoc|iPhone
		{DE1A26FD-57B5-4BAE-82BA-5B3E971F9B41}.Ad-Hoc|iPhone.Build.0 = Ad-Hoc|iPhone
		{DE1A26FD-57B5-4BAE-82BA-5B3E971F9B41}.Ad-Hoc|iPhoneSimulator.ActiveCfg = Ad-Hoc|iPhoneSimulator
		{DE1A26FD-57B5-4BAE-82BA-5B3E971F9B41}.Ad-Hoc|iPhoneSimulator.Build.0 = Ad-Hoc|iPhoneSimulator
		{DE1A26FD-57B5-4BAE-82BA-5B3E971F9B41}.Ad-Hoc|x64.ActiveCfg = Ad-Hoc|iPhone
		{DE1A26FD-57B5-4BAE-82BA-5B3E971F9B41}.Ad-Hoc|x86.ActiveCfg = Ad-Hoc|iPhone
		{DE1A26FD-57B5-4BAE-82BA-5B3E971F9B41}.AppStore|Any CPU.ActiveCfg = AppStore|iPhone
		{DE1A26FD-57B5-4BAE-82BA-5B3E971F9B41}.AppStore|ARM.ActiveCfg = AppStore|iPhone
		{DE1A26FD-57B5-4BAE-82BA-5B3E971F9B41}.AppStore|iPhone.ActiveCfg = AppStore|iPhone
		{DE1A26FD-57B5-4BAE-82BA-5B3E971F9B41}.AppStore|iPhone.Build.0 = AppStore|iPhone
		{DE1A26FD-57B5-4BAE-82BA-5B3E971F9B41}.AppStore|iPhoneSimulator.ActiveCfg = AppStore|iPhoneSimulator
		{DE1A26FD-57B5-4BAE-82BA-5B3E971F9B41}.AppStore|iPhoneSimulator.Build.0 = AppStore|iPhoneSimulator
		{DE1A26FD-57B5-4BAE-82BA-5B3E971F9B41}.AppStore|x64.ActiveCfg = AppStore|iPhone
		{DE1A26FD-57B5-4BAE-82BA-5B3E971F9B41}.AppStore|x86.ActiveCfg = AppStore|iPhone
		{DE1A26FD-57B5-4BAE-82BA-5B3E971F9B41}.Debug|Any CPU.ActiveCfg = Debug|iPhone
		{DE1A26FD-57B5-4BAE-82BA-5B3E971F9B41}.Debug|ARM.ActiveCfg = Debug|iPhone
		{DE1A26FD-57B5-4BAE-82BA-5B3E971F9B41}.Debug|iPhone.ActiveCfg = Debug|iPhone
		{DE1A26FD-57B5-4BAE-82BA-5B3E971F9B41}.Debug|iPhone.Build.0 = Debug|iPhone
		{DE1A26FD-57B5-4BAE-82BA-5B3E971F9B41}.Debug|iPhoneSimulator.ActiveCfg = Debug|iPhoneSimulator
		{DE1A26FD-57B5-4BAE-82BA-5B3E971F9B41}.Debug|iPhoneSimulator.Build.0 = Debug|iPhoneSimulator
		{DE1A26FD-57B5-4BAE-82BA-5B3E971F9B41}.Debug|x64.ActiveCfg = Debug|iPhone
		{DE1A26FD-57B5-4BAE-82BA-5B3E971F9B41}.Debug|x86.ActiveCfg = Debug|iPhone
		{DE1A26FD-57B5-4BAE-82BA-5B3E971F9B41}.Release|Any CPU.ActiveCfg = Release|iPhone
		{DE1A26FD-57B5-4BAE-82BA-5B3E971F9B41}.Release|ARM.ActiveCfg = Release|iPhone
		{DE1A26FD-57B5-4BAE-82BA-5B3E971F9B41}.Release|iPhone.ActiveCfg = Release|iPhone
		{DE1A26FD-57B5-4BAE-82BA-5B3E971F9B41}.Release|iPhone.Build.0 = Release|iPhone
		{DE1A26FD-57B5-4BAE-82BA-5B3E971F9B41}.Release|iPhoneSimulator.ActiveCfg = Release|iPhoneSimulator
		{DE1A26FD-57B5-4BAE-82BA-5B3E971F9B41}.Release|iPhoneSimulator.Build.0 = Release|iPhoneSimulator
		{DE1A26FD-57B5-4BAE-82BA-5B3E971F9B41}.Release|x64.ActiveCfg = Release|iPhone
		{DE1A26FD-57B5-4BAE-82BA-5B3E971F9B41}.Release|x86.ActiveCfg = Release|iPhone
		{58466F00-C0FD-40F3-A38A-9FBB59DA652A}.Ad-Hoc|Any CPU.ActiveCfg = Release|Any CPU
		{58466F00-C0FD-40F3-A38A-9FBB59DA652A}.Ad-Hoc|Any CPU.Build.0 = Release|Any CPU
		{58466F00-C0FD-40F3-A38A-9FBB59DA652A}.Ad-Hoc|Any CPU.Deploy.0 = Release|Any CPU
		{58466F00-C0FD-40F3-A38A-9FBB59DA652A}.Ad-Hoc|ARM.ActiveCfg = Release|ARM
		{58466F00-C0FD-40F3-A38A-9FBB59DA652A}.Ad-Hoc|ARM.Build.0 = Release|ARM
		{58466F00-C0FD-40F3-A38A-9FBB59DA652A}.Ad-Hoc|ARM.Deploy.0 = Release|ARM
		{58466F00-C0FD-40F3-A38A-9FBB59DA652A}.Ad-Hoc|iPhone.ActiveCfg = Release|Any CPU
		{58466F00-C0FD-40F3-A38A-9FBB59DA652A}.Ad-Hoc|iPhone.Build.0 = Release|Any CPU
		{58466F00-C0FD-40F3-A38A-9FBB59DA652A}.Ad-Hoc|iPhone.Deploy.0 = Release|Any CPU
		{58466F00-C0FD-40F3-A38A-9FBB59DA652A}.Ad-Hoc|iPhoneSimulator.ActiveCfg = Release|Any CPU
		{58466F00-C0FD-40F3-A38A-9FBB59DA652A}.Ad-Hoc|iPhoneSimulator.Build.0 = Release|Any CPU
		{58466F00-C0FD-40F3-A38A-9FBB59DA652A}.Ad-Hoc|iPhoneSimulator.Deploy.0 = Release|Any CPU
		{58466F00-C0FD-40F3-A38A-9FBB59DA652A}.Ad-Hoc|x64.ActiveCfg = Release|Any CPU
		{58466F00-C0FD-40F3-A38A-9FBB59DA652A}.Ad-Hoc|x64.Build.0 = Release|Any CPU
		{58466F00-C0FD-40F3-A38A-9FBB59DA652A}.Ad-Hoc|x64.Deploy.0 = Release|Any CPU
		{58466F00-C0FD-40F3-A38A-9FBB59DA652A}.Ad-Hoc|x86.ActiveCfg = Release|x86
		{58466F00-C0FD-40F3-A38A-9FBB59DA652A}.Ad-Hoc|x86.Build.0 = Release|x86
		{58466F00-C0FD-40F3-A38A-9FBB59DA652A}.Ad-Hoc|x86.Deploy.0 = Release|x86
		{58466F00-C0FD-40F3-A38A-9FBB59DA652A}.AppStore|Any CPU.ActiveCfg = Release|Any CPU
		{58466F00-C0FD-40F3-A38A-9FBB59DA652A}.AppStore|Any CPU.Build.0 = Release|Any CPU
		{58466F00-C0FD-40F3-A38A-9FBB59DA652A}.AppStore|Any CPU.Deploy.0 = Release|Any CPU
		{58466F00-C0FD-40F3-A38A-9FBB59DA652A}.AppStore|ARM.ActiveCfg = Release|ARM
		{58466F00-C0FD-40F3-A38A-9FBB59DA652A}.AppStore|ARM.Build.0 = Release|ARM
		{58466F00-C0FD-40F3-A38A-9FBB59DA652A}.AppStore|ARM.Deploy.0 = Release|ARM
		{58466F00-C0FD-40F3-A38A-9FBB59DA652A}.AppStore|iPhone.ActiveCfg = Release|Any CPU
		{58466F00-C0FD-40F3-A38A-9FBB59DA652A}.AppStore|iPhone.Build.0 = Release|Any CPU
		{58466F00-C0FD-40F3-A38A-9FBB59DA652A}.AppStore|iPhone.Deploy.0 = Release|Any CPU
		{58466F00-C0FD-40F3-A38A-9FBB59DA652A}.AppStore|iPhoneSimulator.ActiveCfg = Release|Any CPU
		{58466F00-C0FD-40F3-A38A-9FBB59DA652A}.AppStore|iPhoneSimulator.Build.0 = Release|Any CPU
		{58466F00-C0FD-40F3-A38A-9FBB59DA652A}.AppStore|iPhoneSimulator.Deploy.0 = Release|Any CPU
		{58466F00-C0FD-40F3-A38A-9FBB59DA652A}.AppStore|x64.ActiveCfg = Release|Any CPU
		{58466F00-C0FD-40F3-A38A-9FBB59DA652A}.AppStore|x64.Build.0 = Release|Any CPU
		{58466F00-C0FD-40F3-A38A-9FBB59DA652A}.AppStore|x64.Deploy.0 = Release|Any CPU
		{58466F00-C0FD-40F3-A38A-9FBB59DA652A}.AppStore|x86.ActiveCfg = Release|x86
		{58466F00-C0FD-40F3-A38A-9FBB59DA652A}.AppStore|x86.Build.0 = Release|x86
		{58466F00-C0FD-40F3-A38A-9FBB59DA652A}.AppStore|x86.Deploy.0 = Release|x86
		{58466F00-C0FD-40F3-A38A-9FBB59DA652A}.Debug|Any CPU.ActiveCfg = Debug|Any CPU
		{58466F00-C0FD-40F3-A38A-9FBB59DA652A}.Debug|Any CPU.Build.0 = Debug|Any CPU
		{58466F00-C0FD-40F3-A38A-9FBB59DA652A}.Debug|Any CPU.Deploy.0 = Debug|Any CPU
		{58466F00-C0FD-40F3-A38A-9FBB59DA652A}.Debug|ARM.ActiveCfg = Debug|ARM
		{58466F00-C0FD-40F3-A38A-9FBB59DA652A}.Debug|ARM.Build.0 = Debug|ARM
		{58466F00-C0FD-40F3-A38A-9FBB59DA652A}.Debug|ARM.Deploy.0 = Debug|ARM
		{58466F00-C0FD-40F3-A38A-9FBB59DA652A}.Debug|iPhone.ActiveCfg = Debug|Any CPU
		{58466F00-C0FD-40F3-A38A-9FBB59DA652A}.Debug|iPhone.Build.0 = Debug|Any CPU
		{58466F00-C0FD-40F3-A38A-9FBB59DA652A}.Debug|iPhone.Deploy.0 = Debug|Any CPU
		{58466F00-C0FD-40F3-A38A-9FBB59DA652A}.Debug|iPhoneSimulator.ActiveCfg = Debug|Any CPU
		{58466F00-C0FD-40F3-A38A-9FBB59DA652A}.Debug|iPhoneSimulator.Build.0 = Debug|Any CPU
		{58466F00-C0FD-40F3-A38A-9FBB59DA652A}.Debug|iPhoneSimulator.Deploy.0 = Debug|Any CPU
		{58466F00-C0FD-40F3-A38A-9FBB59DA652A}.Debug|x64.ActiveCfg = Debug|Any CPU
		{58466F00-C0FD-40F3-A38A-9FBB59DA652A}.Debug|x64.Build.0 = Debug|Any CPU
		{58466F00-C0FD-40F3-A38A-9FBB59DA652A}.Debug|x64.Deploy.0 = Debug|Any CPU
		{58466F00-C0FD-40F3-A38A-9FBB59DA652A}.Debug|x86.ActiveCfg = Debug|x86
		{58466F00-C0FD-40F3-A38A-9FBB59DA652A}.Debug|x86.Build.0 = Debug|x86
		{58466F00-C0FD-40F3-A38A-9FBB59DA652A}.Debug|x86.Deploy.0 = Debug|x86
		{58466F00-C0FD-40F3-A38A-9FBB59DA652A}.Release|Any CPU.ActiveCfg = Release|Any CPU
		{58466F00-C0FD-40F3-A38A-9FBB59DA652A}.Release|Any CPU.Build.0 = Release|Any CPU
		{58466F00-C0FD-40F3-A38A-9FBB59DA652A}.Release|Any CPU.Deploy.0 = Release|Any CPU
		{58466F00-C0FD-40F3-A38A-9FBB59DA652A}.Release|ARM.ActiveCfg = Release|ARM
		{58466F00-C0FD-40F3-A38A-9FBB59DA652A}.Release|ARM.Build.0 = Release|ARM
		{58466F00-C0FD-40F3-A38A-9FBB59DA652A}.Release|ARM.Deploy.0 = Release|ARM
		{58466F00-C0FD-40F3-A38A-9FBB59DA652A}.Release|iPhone.ActiveCfg = Release|Any CPU
		{58466F00-C0FD-40F3-A38A-9FBB59DA652A}.Release|iPhone.Build.0 = Release|Any CPU
		{58466F00-C0FD-40F3-A38A-9FBB59DA652A}.Release|iPhone.Deploy.0 = Release|Any CPU
		{58466F00-C0FD-40F3-A38A-9FBB59DA652A}.Release|iPhoneSimulator.ActiveCfg = Release|Any CPU
		{58466F00-C0FD-40F3-A38A-9FBB59DA652A}.Release|iPhoneSimulator.Build.0 = Release|Any CPU
		{58466F00-C0FD-40F3-A38A-9FBB59DA652A}.Release|iPhoneSimulator.Deploy.0 = Release|Any CPU
		{58466F00-C0FD-40F3-A38A-9FBB59DA652A}.Release|x64.ActiveCfg = Release|Any CPU
		{58466F00-C0FD-40F3-A38A-9FBB59DA652A}.Release|x64.Build.0 = Release|Any CPU
		{58466F00-C0FD-40F3-A38A-9FBB59DA652A}.Release|x64.Deploy.0 = Release|Any CPU
		{58466F00-C0FD-40F3-A38A-9FBB59DA652A}.Release|x86.ActiveCfg = Release|x86
		{58466F00-C0FD-40F3-A38A-9FBB59DA652A}.Release|x86.Build.0 = Release|x86
		{58466F00-C0FD-40F3-A38A-9FBB59DA652A}.Release|x86.Deploy.0 = Release|x86
		{248EDEEB-3C98-4E87-AF3D-4080D37E1658}.Ad-Hoc|Any CPU.ActiveCfg = Release|x86
		{248EDEEB-3C98-4E87-AF3D-4080D37E1658}.Ad-Hoc|Any CPU.Build.0 = Release|x86
		{248EDEEB-3C98-4E87-AF3D-4080D37E1658}.Ad-Hoc|Any CPU.Deploy.0 = Release|x86
		{248EDEEB-3C98-4E87-AF3D-4080D37E1658}.Ad-Hoc|ARM.ActiveCfg = Release|ARM
		{248EDEEB-3C98-4E87-AF3D-4080D37E1658}.Ad-Hoc|ARM.Build.0 = Release|ARM
		{248EDEEB-3C98-4E87-AF3D-4080D37E1658}.Ad-Hoc|ARM.Deploy.0 = Release|ARM
		{248EDEEB-3C98-4E87-AF3D-4080D37E1658}.Ad-Hoc|iPhone.ActiveCfg = Release|x86
		{248EDEEB-3C98-4E87-AF3D-4080D37E1658}.Ad-Hoc|iPhone.Build.0 = Release|x86
		{248EDEEB-3C98-4E87-AF3D-4080D37E1658}.Ad-Hoc|iPhone.Deploy.0 = Release|x86
		{248EDEEB-3C98-4E87-AF3D-4080D37E1658}.Ad-Hoc|iPhoneSimulator.ActiveCfg = Release|x86
		{248EDEEB-3C98-4E87-AF3D-4080D37E1658}.Ad-Hoc|iPhoneSimulator.Build.0 = Release|x86
		{248EDEEB-3C98-4E87-AF3D-4080D37E1658}.Ad-Hoc|iPhoneSimulator.Deploy.0 = Release|x86
		{248EDEEB-3C98-4E87-AF3D-4080D37E1658}.Ad-Hoc|x64.ActiveCfg = Release|x64
		{248EDEEB-3C98-4E87-AF3D-4080D37E1658}.Ad-Hoc|x64.Build.0 = Release|x64
		{248EDEEB-3C98-4E87-AF3D-4080D37E1658}.Ad-Hoc|x64.Deploy.0 = Release|x64
		{248EDEEB-3C98-4E87-AF3D-4080D37E1658}.Ad-Hoc|x86.ActiveCfg = Release|x86
		{248EDEEB-3C98-4E87-AF3D-4080D37E1658}.Ad-Hoc|x86.Build.0 = Release|x86
		{248EDEEB-3C98-4E87-AF3D-4080D37E1658}.Ad-Hoc|x86.Deploy.0 = Release|x86
		{248EDEEB-3C98-4E87-AF3D-4080D37E1658}.AppStore|Any CPU.ActiveCfg = Release|x86
		{248EDEEB-3C98-4E87-AF3D-4080D37E1658}.AppStore|Any CPU.Build.0 = Release|x86
		{248EDEEB-3C98-4E87-AF3D-4080D37E1658}.AppStore|Any CPU.Deploy.0 = Release|x86
		{248EDEEB-3C98-4E87-AF3D-4080D37E1658}.AppStore|ARM.ActiveCfg = Release|ARM
		{248EDEEB-3C98-4E87-AF3D-4080D37E1658}.AppStore|ARM.Build.0 = Release|ARM
		{248EDEEB-3C98-4E87-AF3D-4080D37E1658}.AppStore|ARM.Deploy.0 = Release|ARM
		{248EDEEB-3C98-4E87-AF3D-4080D37E1658}.AppStore|iPhone.ActiveCfg = Release|x86
		{248EDEEB-3C98-4E87-AF3D-4080D37E1658}.AppStore|iPhone.Build.0 = Release|x86
		{248EDEEB-3C98-4E87-AF3D-4080D37E1658}.AppStore|iPhone.Deploy.0 = Release|x86
		{248EDEEB-3C98-4E87-AF3D-4080D37E1658}.AppStore|iPhoneSimulator.ActiveCfg = Release|x86
		{248EDEEB-3C98-4E87-AF3D-4080D37E1658}.AppStore|iPhoneSimulator.Build.0 = Release|x86
		{248EDEEB-3C98-4E87-AF3D-4080D37E1658}.AppStore|iPhoneSimulator.Deploy.0 = Release|x86
		{248EDEEB-3C98-4E87-AF3D-4080D37E1658}.AppStore|x64.ActiveCfg = Release|x64
		{248EDEEB-3C98-4E87-AF3D-4080D37E1658}.AppStore|x64.Build.0 = Release|x64
		{248EDEEB-3C98-4E87-AF3D-4080D37E1658}.AppStore|x64.Deploy.0 = Release|x64
		{248EDEEB-3C98-4E87-AF3D-4080D37E1658}.AppStore|x86.ActiveCfg = Release|x86
		{248EDEEB-3C98-4E87-AF3D-4080D37E1658}.AppStore|x86.Build.0 = Release|x86
		{248EDEEB-3C98-4E87-AF3D-4080D37E1658}.AppStore|x86.Deploy.0 = Release|x86
		{248EDEEB-3C98-4E87-AF3D-4080D37E1658}.Debug|Any CPU.ActiveCfg = Debug|x86
		{248EDEEB-3C98-4E87-AF3D-4080D37E1658}.Debug|ARM.ActiveCfg = Debug|ARM
		{248EDEEB-3C98-4E87-AF3D-4080D37E1658}.Debug|ARM.Build.0 = Debug|ARM
		{248EDEEB-3C98-4E87-AF3D-4080D37E1658}.Debug|ARM.Deploy.0 = Debug|ARM
		{248EDEEB-3C98-4E87-AF3D-4080D37E1658}.Debug|iPhone.ActiveCfg = Debug|x86
		{248EDEEB-3C98-4E87-AF3D-4080D37E1658}.Debug|iPhoneSimulator.ActiveCfg = Debug|x86
		{248EDEEB-3C98-4E87-AF3D-4080D37E1658}.Debug|x64.ActiveCfg = Debug|x64
		{248EDEEB-3C98-4E87-AF3D-4080D37E1658}.Debug|x64.Build.0 = Debug|x64
		{248EDEEB-3C98-4E87-AF3D-4080D37E1658}.Debug|x64.Deploy.0 = Debug|x64
		{248EDEEB-3C98-4E87-AF3D-4080D37E1658}.Debug|x86.ActiveCfg = Debug|x86
		{248EDEEB-3C98-4E87-AF3D-4080D37E1658}.Debug|x86.Build.0 = Debug|x86
		{248EDEEB-3C98-4E87-AF3D-4080D37E1658}.Debug|x86.Deploy.0 = Debug|x86
		{248EDEEB-3C98-4E87-AF3D-4080D37E1658}.Release|Any CPU.ActiveCfg = Release|x86
		{248EDEEB-3C98-4E87-AF3D-4080D37E1658}.Release|ARM.ActiveCfg = Release|ARM
		{248EDEEB-3C98-4E87-AF3D-4080D37E1658}.Release|ARM.Build.0 = Release|ARM
		{248EDEEB-3C98-4E87-AF3D-4080D37E1658}.Release|ARM.Deploy.0 = Release|ARM
		{248EDEEB-3C98-4E87-AF3D-4080D37E1658}.Release|iPhone.ActiveCfg = Release|x86
		{248EDEEB-3C98-4E87-AF3D-4080D37E1658}.Release|iPhoneSimulator.ActiveCfg = Release|x86
		{248EDEEB-3C98-4E87-AF3D-4080D37E1658}.Release|x64.ActiveCfg = Release|x64
		{248EDEEB-3C98-4E87-AF3D-4080D37E1658}.Release|x64.Build.0 = Release|x64
		{248EDEEB-3C98-4E87-AF3D-4080D37E1658}.Release|x64.Deploy.0 = Release|x64
		{248EDEEB-3C98-4E87-AF3D-4080D37E1658}.Release|x86.ActiveCfg = Release|x86
		{248EDEEB-3C98-4E87-AF3D-4080D37E1658}.Release|x86.Build.0 = Release|x86
		{248EDEEB-3C98-4E87-AF3D-4080D37E1658}.Release|x86.Deploy.0 = Release|x86
		{79D352C2-7B82-47A1-897A-36F2378D9ED6}.Ad-Hoc|Any CPU.ActiveCfg = Release|Any CPU
		{79D352C2-7B82-47A1-897A-36F2378D9ED6}.Ad-Hoc|Any CPU.Build.0 = Release|Any CPU
		{79D352C2-7B82-47A1-897A-36F2378D9ED6}.Ad-Hoc|Any CPU.Deploy.0 = Release|Any CPU
		{79D352C2-7B82-47A1-897A-36F2378D9ED6}.Ad-Hoc|ARM.ActiveCfg = Release|ARM
		{79D352C2-7B82-47A1-897A-36F2378D9ED6}.Ad-Hoc|ARM.Build.0 = Release|ARM
		{79D352C2-7B82-47A1-897A-36F2378D9ED6}.Ad-Hoc|ARM.Deploy.0 = Release|ARM
		{79D352C2-7B82-47A1-897A-36F2378D9ED6}.Ad-Hoc|iPhone.ActiveCfg = Release|Any CPU
		{79D352C2-7B82-47A1-897A-36F2378D9ED6}.Ad-Hoc|iPhone.Build.0 = Release|Any CPU
		{79D352C2-7B82-47A1-897A-36F2378D9ED6}.Ad-Hoc|iPhone.Deploy.0 = Release|Any CPU
		{79D352C2-7B82-47A1-897A-36F2378D9ED6}.Ad-Hoc|iPhoneSimulator.ActiveCfg = Release|Any CPU
		{79D352C2-7B82-47A1-897A-36F2378D9ED6}.Ad-Hoc|iPhoneSimulator.Build.0 = Release|Any CPU
		{79D352C2-7B82-47A1-897A-36F2378D9ED6}.Ad-Hoc|iPhoneSimulator.Deploy.0 = Release|Any CPU
		{79D352C2-7B82-47A1-897A-36F2378D9ED6}.Ad-Hoc|x64.ActiveCfg = Release|x64
		{79D352C2-7B82-47A1-897A-36F2378D9ED6}.Ad-Hoc|x64.Build.0 = Release|x64
		{79D352C2-7B82-47A1-897A-36F2378D9ED6}.Ad-Hoc|x64.Deploy.0 = Release|x64
		{79D352C2-7B82-47A1-897A-36F2378D9ED6}.Ad-Hoc|x86.ActiveCfg = Release|x86
		{79D352C2-7B82-47A1-897A-36F2378D9ED6}.Ad-Hoc|x86.Build.0 = Release|x86
		{79D352C2-7B82-47A1-897A-36F2378D9ED6}.Ad-Hoc|x86.Deploy.0 = Release|x86
		{79D352C2-7B82-47A1-897A-36F2378D9ED6}.AppStore|Any CPU.ActiveCfg = Release|Any CPU
		{79D352C2-7B82-47A1-897A-36F2378D9ED6}.AppStore|Any CPU.Build.0 = Release|Any CPU
		{79D352C2-7B82-47A1-897A-36F2378D9ED6}.AppStore|Any CPU.Deploy.0 = Release|Any CPU
		{79D352C2-7B82-47A1-897A-36F2378D9ED6}.AppStore|ARM.ActiveCfg = Release|ARM
		{79D352C2-7B82-47A1-897A-36F2378D9ED6}.AppStore|ARM.Build.0 = Release|ARM
		{79D352C2-7B82-47A1-897A-36F2378D9ED6}.AppStore|ARM.Deploy.0 = Release|ARM
		{79D352C2-7B82-47A1-897A-36F2378D9ED6}.AppStore|iPhone.ActiveCfg = Release|Any CPU
		{79D352C2-7B82-47A1-897A-36F2378D9ED6}.AppStore|iPhone.Build.0 = Release|Any CPU
		{79D352C2-7B82-47A1-897A-36F2378D9ED6}.AppStore|iPhone.Deploy.0 = Release|Any CPU
		{79D352C2-7B82-47A1-897A-36F2378D9ED6}.AppStore|iPhoneSimulator.ActiveCfg = Release|Any CPU
		{79D352C2-7B82-47A1-897A-36F2378D9ED6}.AppStore|iPhoneSimulator.Build.0 = Release|Any CPU
		{79D352C2-7B82-47A1-897A-36F2378D9ED6}.AppStore|iPhoneSimulator.Deploy.0 = Release|Any CPU
		{79D352C2-7B82-47A1-897A-36F2378D9ED6}.AppStore|x64.ActiveCfg = Release|x64
		{79D352C2-7B82-47A1-897A-36F2378D9ED6}.AppStore|x64.Build.0 = Release|x64
		{79D352C2-7B82-47A1-897A-36F2378D9ED6}.AppStore|x64.Deploy.0 = Release|x64
		{79D352C2-7B82-47A1-897A-36F2378D9ED6}.AppStore|x86.ActiveCfg = Release|x86
		{79D352C2-7B82-47A1-897A-36F2378D9ED6}.AppStore|x86.Build.0 = Release|x86
		{79D352C2-7B82-47A1-897A-36F2378D9ED6}.AppStore|x86.Deploy.0 = Release|x86
		{79D352C2-7B82-47A1-897A-36F2378D9ED6}.Debug|Any CPU.ActiveCfg = Debug|Any CPU
		{79D352C2-7B82-47A1-897A-36F2378D9ED6}.Debug|Any CPU.Build.0 = Debug|Any CPU
		{79D352C2-7B82-47A1-897A-36F2378D9ED6}.Debug|Any CPU.Deploy.0 = Debug|Any CPU
		{79D352C2-7B82-47A1-897A-36F2378D9ED6}.Debug|ARM.ActiveCfg = Debug|ARM
		{79D352C2-7B82-47A1-897A-36F2378D9ED6}.Debug|ARM.Build.0 = Debug|ARM
		{79D352C2-7B82-47A1-897A-36F2378D9ED6}.Debug|ARM.Deploy.0 = Debug|ARM
		{79D352C2-7B82-47A1-897A-36F2378D9ED6}.Debug|iPhone.ActiveCfg = Debug|Any CPU
		{79D352C2-7B82-47A1-897A-36F2378D9ED6}.Debug|iPhone.Build.0 = Debug|Any CPU
		{79D352C2-7B82-47A1-897A-36F2378D9ED6}.Debug|iPhone.Deploy.0 = Debug|Any CPU
		{79D352C2-7B82-47A1-897A-36F2378D9ED6}.Debug|iPhoneSimulator.ActiveCfg = Debug|Any CPU
		{79D352C2-7B82-47A1-897A-36F2378D9ED6}.Debug|iPhoneSimulator.Build.0 = Debug|Any CPU
		{79D352C2-7B82-47A1-897A-36F2378D9ED6}.Debug|iPhoneSimulator.Deploy.0 = Debug|Any CPU
		{79D352C2-7B82-47A1-897A-36F2378D9ED6}.Debug|x64.ActiveCfg = Debug|x64
		{79D352C2-7B82-47A1-897A-36F2378D9ED6}.Debug|x64.Build.0 = Debug|x64
		{79D352C2-7B82-47A1-897A-36F2378D9ED6}.Debug|x64.Deploy.0 = Debug|x64
		{79D352C2-7B82-47A1-897A-36F2378D9ED6}.Debug|x86.ActiveCfg = Debug|x86
		{79D352C2-7B82-47A1-897A-36F2378D9ED6}.Debug|x86.Build.0 = Debug|x86
		{79D352C2-7B82-47A1-897A-36F2378D9ED6}.Debug|x86.Deploy.0 = Debug|x86
		{79D352C2-7B82-47A1-897A-36F2378D9ED6}.Release|Any CPU.ActiveCfg = Release|Any CPU
		{79D352C2-7B82-47A1-897A-36F2378D9ED6}.Release|Any CPU.Build.0 = Release|Any CPU
		{79D352C2-7B82-47A1-897A-36F2378D9ED6}.Release|Any CPU.Deploy.0 = Release|Any CPU
		{79D352C2-7B82-47A1-897A-36F2378D9ED6}.Release|ARM.ActiveCfg = Release|ARM
		{79D352C2-7B82-47A1-897A-36F2378D9ED6}.Release|ARM.Build.0 = Release|ARM
		{79D352C2-7B82-47A1-897A-36F2378D9ED6}.Release|ARM.Deploy.0 = Release|ARM
		{79D352C2-7B82-47A1-897A-36F2378D9ED6}.Release|iPhone.ActiveCfg = Release|Any CPU
		{79D352C2-7B82-47A1-897A-36F2378D9ED6}.Release|iPhone.Build.0 = Release|Any CPU
		{79D352C2-7B82-47A1-897A-36F2378D9ED6}.Release|iPhone.Deploy.0 = Release|Any CPU
		{79D352C2-7B82-47A1-897A-36F2378D9ED6}.Release|iPhoneSimulator.ActiveCfg = Release|Any CPU
		{79D352C2-7B82-47A1-897A-36F2378D9ED6}.Release|iPhoneSimulator.Build.0 = Release|Any CPU
		{79D352C2-7B82-47A1-897A-36F2378D9ED6}.Release|iPhoneSimulator.Deploy.0 = Release|Any CPU
		{79D352C2-7B82-47A1-897A-36F2378D9ED6}.Release|x64.ActiveCfg = Release|x64
		{79D352C2-7B82-47A1-897A-36F2378D9ED6}.Release|x64.Build.0 = Release|x64
		{79D352C2-7B82-47A1-897A-36F2378D9ED6}.Release|x64.Deploy.0 = Release|x64
		{79D352C2-7B82-47A1-897A-36F2378D9ED6}.Release|x86.ActiveCfg = Release|x86
		{79D352C2-7B82-47A1-897A-36F2378D9ED6}.Release|x86.Build.0 = Release|x86
		{79D352C2-7B82-47A1-897A-36F2378D9ED6}.Release|x86.Deploy.0 = Release|x86
	EndGlobalSection
	GlobalSection(SolutionProperties) = preSolution
		HideSolutionNode = FALSE
	EndGlobalSection
EndGlobal
